# THIS IS AN AUTOGENERATED FILE. DO NOT EDIT THIS FILE DIRECTLY.
# yarn lockfile v1


"@babel/parser@^7.16.4":
  version "7.18.3"
  resolved "https://registry.yarnpkg.com/@babel/parser/-/parser-7.18.3.tgz#39e99c7b0c4c56cef4d1eed8de9f506411c2ebc2"
  integrity sha512-rL50YcEuHbbauAFAysNsJA4/f89fGTOBRNs9P81sniKnKAr4xULe5AecolcsKbi88xu0ByWYDj/S1AJ3FSFuSQ==

"@vitejs/plugin-vue@^2.3.3":
  version "2.3.3"
  resolved "https://registry.yarnpkg.com/@vitejs/plugin-vue/-/plugin-vue-2.3.3.tgz#fbf80cc039b82ac21a1acb0f0478de8f61fbf600"
  integrity sha512-SmQLDyhz+6lGJhPELsBdzXGc+AcaT8stgkbiTFGpXPe8Tl1tJaBw1A6pxDqDuRsVkD8uscrkx3hA7QDOoKYtyw==

"@vue/compiler-core@3.2.36":
  version "3.2.36"
  resolved "https://registry.yarnpkg.com/@vue/compiler-core/-/compiler-core-3.2.36.tgz#2fa44595308c95610602df54dcb69063ba2c8383"
  integrity sha512-bbyZM5hvBicv0PW3KUfVi+x3ylHnfKG7DOn5wM+f2OztTzTjLEyBb/5yrarIYpmnGitVGbjZqDbODyW4iK8hqw==
  dependencies:
    "@babel/parser" "^7.16.4"
    "@vue/shared" "3.2.36"
    estree-walker "^2.0.2"
    source-map "^0.6.1"

"@vue/compiler-dom@3.2.36":
  version "3.2.36"
  resolved "https://registry.yarnpkg.com/@vue/compiler-dom/-/compiler-dom-3.2.36.tgz#16d911ff163ed5fc8087a01645bf14bb7f325401"
  integrity sha512-tcOTAOiW4s24QLnq+ON6J+GRONXJ+A/mqKCORi0LSlIh8XQlNnlm24y8xIL8la+ZDgkdbjarQ9ZqYSvEja6gVA==
  dependencies:
    "@vue/compiler-core" "3.2.36"
    "@vue/shared" "3.2.36"

"@vue/compiler-sfc@3.2.36":
  version "3.2.36"
  resolved "https://registry.yarnpkg.com/@vue/compiler-sfc/-/compiler-sfc-3.2.36.tgz#e5065e7c0e5170ffa750e3c3dd93a29db109d0f2"
  integrity sha512-AvGb4bTj4W8uQ4BqaSxo7UwTEqX5utdRSMyHy58OragWlt8nEACQ9mIeQh3K4di4/SX+41+pJrLIY01lHAOFOA==
  dependencies:
    "@babel/parser" "^7.16.4"
    "@vue/compiler-core" "3.2.36"
    "@vue/compiler-dom" "3.2.36"
    "@vue/compiler-ssr" "3.2.36"
    "@vue/reactivity-transform" "3.2.36"
    "@vue/shared" "3.2.36"
    estree-walker "^2.0.2"
    magic-string "^0.25.7"
    postcss "^8.1.10"
    source-map "^0.6.1"

"@vue/compiler-ssr@3.2.36":
  version "3.2.36"
  resolved "https://registry.yarnpkg.com/@vue/compiler-ssr/-/compiler-ssr-3.2.36.tgz#314f3a9424db58142c3608f48cbda7aa05fc66cb"
  integrity sha512-+KugInUFRvOxEdLkZwE+W43BqHyhBh0jpYXhmqw1xGq2dmE6J9eZ8UUSOKNhdHtQ/iNLWWeK/wPZkVLUf3YGaw==
  dependencies:
    "@vue/compiler-dom" "3.2.36"
    "@vue/shared" "3.2.36"

"@vue/reactivity-transform@3.2.36":
  version "3.2.36"
  resolved "https://registry.yarnpkg.com/@vue/reactivity-transform/-/reactivity-transform-3.2.36.tgz#8426a941b0b09d1b94fc162d4642758183b5d133"
  integrity sha512-Jk5o2BhpODC9XTA7o4EL8hSJ4JyrFWErLtClG3NH8wDS7ri9jBDWxI7/549T7JY9uilKsaNM+4pJASLj5dtRwA==
  dependencies:
    "@babel/parser" "^7.16.4"
    "@vue/compiler-core" "3.2.36"
    "@vue/shared" "3.2.36"
    estree-walker "^2.0.2"
    magic-string "^0.25.7"

"@vue/reactivity@3.2.36":
  version "3.2.36"
  resolved "https://registry.yarnpkg.com/@vue/reactivity/-/reactivity-3.2.36.tgz#026b14e716febffe80cd284fd8a2b33378968646"
  integrity sha512-c2qvopo0crh9A4GXi2/2kfGYMxsJW4tVILrqRPydVGZHhq0fnzy6qmclWOhBFckEhmyxmpHpdJtIRYGeKcuhnA==
  dependencies:
    "@vue/shared" "3.2.36"

"@vue/runtime-core@3.2.36":
  version "3.2.36"
  resolved "https://registry.yarnpkg.com/@vue/runtime-core/-/runtime-core-3.2.36.tgz#be5115e665679c26bf3807d2326675dc1d847134"
  integrity sha512-PTWBD+Lub+1U3/KhbCExrfxyS14hstLX+cBboxVHaz+kXoiDLNDEYAovPtxeTutbqtClIXtft+wcGdC+FUQ9qQ==
  dependencies:
    "@vue/reactivity" "3.2.36"
    "@vue/shared" "3.2.36"

"@vue/runtime-dom@3.2.36":
  version "3.2.36"
  resolved "https://registry.yarnpkg.com/@vue/runtime-dom/-/runtime-dom-3.2.36.tgz#cd5d403ea23c18ee7c17767103a1b2f8263c54bb"
  integrity sha512-gYPYblm7QXHVuBohqNRRT7Wez0f2Mx2D40rb4fleehrJU9CnkjG0phhcGEZFfGwCmHZRqBCRgbFWE98bPULqkg==
  dependencies:
    "@vue/runtime-core" "3.2.36"
    "@vue/shared" "3.2.36"
    csstype "^2.6.8"

"@vue/server-renderer@3.2.36":
  version "3.2.36"
  resolved "https://registry.yarnpkg.com/@vue/server-renderer/-/server-renderer-3.2.36.tgz#1e7c1cf63bd17df7828d04e8c780ee6ca7a9ed7c"
  integrity sha512-uZE0+jfye6yYXWvAQYeHZv+f50sRryvy16uiqzk3jn8hEY8zTjI+rzlmZSGoE915k+W/Ol9XSw6vxOUD8dGkUg==
  dependencies:
    "@vue/compiler-ssr" "3.2.36"
    "@vue/shared" "3.2.36"

"@vue/shared@3.2.36":
  version "3.2.36"
  resolved "https://registry.yarnpkg.com/@vue/shared/-/shared-3.2.36.tgz#35e11200542cf29068ba787dad57da9bdb82f644"
  integrity sha512-JtB41wXl7Au3+Nl3gD16Cfpj7k/6aCroZ6BbOiCMFCMvrOpkg/qQUXTso2XowaNqBbnkuGHurLAqkLBxNGc1hQ==

csstype@^2.6.8:
  version "2.6.20"
  resolved "https://registry.yarnpkg.com/csstype/-/csstype-2.6.20.tgz#9229c65ea0b260cf4d3d997cb06288e36a8d6dda"
  integrity sha512-/WwNkdXfckNgw6S5R125rrW8ez139lBHWouiBvX8dfMFtcn6V81REDqnH7+CRpRipfYlyU1CmOnOxrmGcFOjeA==

esbuild-android-64@0.14.40:
  version "0.14.40"
  resolved "https://registry.yarnpkg.com/esbuild-android-64/-/esbuild-android-64-0.14.40.tgz#3973c2289512d42b30a1ff4f3d221865808c88f0"
  integrity sha512-+69t+bmJWWhTyG8waJZcu4UGzM4NbDXAwssTEDYwonyz6L/Is11Y3csJhE16RM0a1GeDin0n810vNP+NVjttKA==

esbuild-android-arm64@0.14.40:
  version "0.14.40"
  resolved "https://registry.yarnpkg.com/esbuild-android-arm64/-/esbuild-android-arm64-0.14.40.tgz#fb7b358c1f6bc2aec8eba55cd4a41cf79163a40f"
  integrity sha512-lVDn4d7/NL5Svrxuskmd/YcluI6uI4Ebp7A1/tWyLJJYbvfIy5l4Vy8GMhErGLePbRyJJiuBP9xusapK4u+6bg==

esbuild-darwin-64@0.14.40:
  version "0.14.40"
  resolved "https://registry.yarnpkg.com/esbuild-darwin-64/-/esbuild-darwin-64-0.14.40.tgz#2a6121b82a4b47b84319ab9fc527d749119f9721"
  integrity sha512-b5u3IXCHhOjkRHIQTSxCN7ObUR5NTyJCP9LrnJ69dEEi1w1usI40T/VNyTTCs7n0UgEH7/zi27vBxbZU+sU4Ew==

esbuild-darwin-arm64@0.14.40:
  version "0.14.40"
  resolved "https://registry.yarnpkg.com/esbuild-darwin-arm64/-/esbuild-darwin-arm64-0.14.40.tgz#05e861994e3e9d2bcb694402773d04a313795410"
  integrity sha512-Wn0C2nrZSANvzK9efcxjKpv9l8yUC4PtYMmnf775gUNwak7sqecuoelhbUTshhrwsfjCNfjsrUhsHY2OHUiEdw==

esbuild-freebsd-64@0.14.40:
  version "0.14.40"
  resolved "https://registry.yarnpkg.com/esbuild-freebsd-64/-/esbuild-freebsd-64-0.14.40.tgz#c663153facba055b6dc9e91be1383b49c713c7ac"
  integrity sha512-B9WZNUn7Y9f97xrQGBAQPKsebeFZzAd+JCdsLCexrVfTjB24b+/Iuq5O2z/q5Meg7Yz0S+j8AO6ncpvNkK2u0w==

esbuild-freebsd-arm64@0.14.40:
  version "0.14.40"
  resolved "https://registry.yarnpkg.com/esbuild-freebsd-arm64/-/esbuild-freebsd-arm64-0.14.40.tgz#b4253e9635305fb4bf7fc37b2e577164d19074d6"
  integrity sha512-3aB9uJv2/lmQNzwmieNyyOdxKi+3ERwrqf3snBu/oEng8b7nMBNrEN+p7jjkTYNYmo291KiH/5EIAXwpsZndFw==

esbuild-linux-32@0.14.40:
  version "0.14.40"
  resolved "https://registry.yarnpkg.com/esbuild-linux-32/-/esbuild-linux-32-0.14.40.tgz#50be3e21eec24ec6b7883bb683b0f49b2f31b9e4"
  integrity sha512-LMI9BMeuGf6NRS23LbyVarN3nf+JyNcfiVEnR9M8691kL5Ffp3e7oTYRH65XdTUirM9D6e5cppfWLjvrRbGnRw==

esbuild-linux-64@0.14.40:
  version "0.14.40"
  resolved "https://registry.yarnpkg.com/esbuild-linux-64/-/esbuild-linux-64-0.14.40.tgz#803dc0ec48a616ccad7335f094629a9c94253461"
  integrity sha512-D/NkZ9QR2KShJXNuRWANxJzPCrwJoAoWVetQiGIAepzXbNh+dBo5ZLmlh8Txs6tE600N67MF/ScHP1S4FxLaJg==

esbuild-linux-arm64@0.14.40:
  version "0.14.40"
  resolved "https://registry.yarnpkg.com/esbuild-linux-arm64/-/esbuild-linux-arm64-0.14.40.tgz#f308815ae2eae0136ef9d6c5249ed6183e2cee10"
  integrity sha512-TIoZWKjrMJxZujh2nSsrrLkLDLzD/oBpSiobdUGe2bqKZpT4m7fkR0tEDNyM6Xvzj9uTQ4iTfJr2ekmpg3DyTQ==

esbuild-linux-arm@0.14.40:
  version "0.14.40"
  resolved "https://registry.yarnpkg.com/esbuild-linux-arm/-/esbuild-linux-arm-0.14.40.tgz#0ef81d9a251f94b4202ade0cf9321fe7f481d39e"
  integrity sha512-2a0yZXbzr/s3iCgZ84jFTHf+NyyXQ/7/Sd28oQq5iyy7TbJNS973XUOwgdlHdRqBxvw0nIWTw2FuwyUJAFa6Qg==

esbuild-linux-mips64le@0.14.40:
  version "0.14.40"
  resolved "https://registry.yarnpkg.com/esbuild-linux-mips64le/-/esbuild-linux-mips64le-0.14.40.tgz#f78c9a9044b15080d1b1d6191e576971312b746d"
  integrity sha512-SP30CYYSDMwr6mPUbjvD4K2R03GQHIQGrkrbXt5NM6mFqzR+S+JKVv9juq/CjlM9V7iIPPPqe4mb4DWC3b8pBw==

esbuild-linux-ppc64le@0.14.40:
  version "0.14.40"
  resolved "https://registry.yarnpkg.com/esbuild-linux-ppc64le/-/esbuild-linux-ppc64le-0.14.40.tgz#58c18b78693d6930c652ff8454641959c17e3c34"
  integrity sha512-HlU3dfIdwzm/zhbXvMa5yWIafBeI7v6BDaEuApAww5Av8ht7lXgD1fZ11iJVPjRWNLcCZUgZaJKFrosSPQO/Bw==

esbuild-linux-riscv64@0.14.40:
  version "0.14.40"
  resolved "https://registry.yarnpkg.com/esbuild-linux-riscv64/-/esbuild-linux-riscv64-0.14.40.tgz#a8f391d74ed27cb8a13aeebe0ed78b4abf6f4bb2"
  integrity sha512-4ImTBEUykhIcIq3c97dIXnsmAHb//cjHh4nxttLhwpTZ+b/KdM1IpttqFhB0AFLUsrjP4WOCMxAm5FOL7FC2uw==

esbuild-linux-s390x@0.14.40:
  version "0.14.40"
  resolved "https://registry.yarnpkg.com/esbuild-linux-s390x/-/esbuild-linux-s390x-0.14.40.tgz#5d45c04e226fe738beb5441b95f360309e1c50cb"
  integrity sha512-kFCPKictYjpt5rt0bFdbSmb8AWut75sIh1fZUTCVkujWMcpdL8ADuYMfVrN7R0CSQvkF1nQtrIBfp+ZU7R7KNQ==

esbuild-netbsd-64@0.14.40:
  version "0.14.40"
  resolved "https://registry.yarnpkg.com/esbuild-netbsd-64/-/esbuild-netbsd-64-0.14.40.tgz#0fe303453338685a6748facca8b5fb95d0e75a3c"
  integrity sha512-Hwzw2cSI6+p03TUjugzec54W6uW4tA1J/WovmlHl96Icjy73eWnAyCQwgG6ZLirXpt2aDfTEVShNaC2fE4KVhQ==

esbuild-openbsd-64@0.14.40:
  version "0.14.40"
  resolved "https://registry.yarnpkg.com/esbuild-openbsd-64/-/esbuild-openbsd-64-0.14.40.tgz#53e088375516b2cb3ddbec1bccffe3e7a5e64459"
  integrity sha512-L4Pix+N2Sb0HvLl8zyn1Aq2aYD5Jt8rk9zwW3NUx19yafJqAFsnUN7L/XbbWSv5/XMqnY4hpAvIP2pyeV9+Bjw==

esbuild-sunos-64@0.14.40:
  version "0.14.40"
  resolved "https://registry.yarnpkg.com/esbuild-sunos-64/-/esbuild-sunos-64-0.14.40.tgz#a33f5362b8f2e10b2e0020ea3fca05c7d9d60134"
  integrity sha512-iEITaelmmCO43ewk0bOYRGrewu2i2h2V0gKHQ/rz1MRqif8ohY/FNLn4WnThGUlrEgA1nTL1tc57PL12QbOo2Q==

esbuild-windows-32@0.14.40:
  version "0.14.40"
  resolved "https://registry.yarnpkg.com/esbuild-windows-32/-/esbuild-windows-32-0.14.40.tgz#1c367a85bde66eb8f5998f87b248f9b5b2b24522"
  integrity sha512-uXHmKl4RtCkK1v6QQK4hsP8Xiku6CwUM/W7Yv2rGtfylSOrrWKcpqwlDWx6bIm1Hav1uBC8hbgJ1hY6pWFNhNA==

esbuild-windows-64@0.14.40:
  version "0.14.40"
  resolved "https://registry.yarnpkg.com/esbuild-windows-64/-/esbuild-windows-64-0.14.40.tgz#b76cefd4287660c151132e5d0026a0f02c3a732c"
  integrity sha512-dvgQLVYnJzqce97AeHvxWtV9lHRDxIPatOikmrh1vt/SCE4tyVo5nAT/2SiZBJ6DzYmZT3BcJTV24bBLyu4ZUA==

esbuild-windows-arm64@0.14.40:
  version "0.14.40"
  resolved "https://registry.yarnpkg.com/esbuild-windows-arm64/-/esbuild-windows-arm64-0.14.40.tgz#5cc40498aba3f16fa2106845910f53d04824cea8"
  integrity sha512-c8ohQSFtRq78pZ/LQcpMft2xuR2IEitQkW07f9K7iN4EBdJMrCpOoXrZCfmX9lAC8yYOU7xHoLFYVln3n6fK1Q==

esbuild@^0.14.27:
  version "0.14.40"
  resolved "https://registry.yarnpkg.com/esbuild/-/esbuild-0.14.40.tgz#736008e6416b73d46e53130a830b451bd8c1698e"
  integrity sha512-toIoQk3ODEEIudsN74wXGdw1eiUN4aKRijOqiwEAqfUFlhORPYFJtACzRdRRlpUysRUUlvIUoGE1aw/MIVCWnA==
  optionalDependencies:
    esbuild-android-64 "0.14.40"
    esbuild-android-arm64 "0.14.40"
    esbuild-darwin-64 "0.14.40"
    esbuild-darwin-arm64 "0.14.40"
    esbuild-freebsd-64 "0.14.40"
    esbuild-freebsd-arm64 "0.14.40"
    esbuild-linux-32 "0.14.40"
    esbuild-linux-64 "0.14.40"
    esbuild-linux-arm "0.14.40"
    esbuild-linux-arm64 "0.14.40"
    esbuild-linux-mips64le "0.14.40"
    esbuild-linux-ppc64le "0.14.40"
    esbuild-linux-riscv64 "0.14.40"
    esbuild-linux-s390x "0.14.40"
    esbuild-netbsd-64 "0.14.40"
    esbuild-openbsd-64 "0.14.40"
    esbuild-sunos-64 "0.14.40"
    esbuild-windows-32 "0.14.40"
    esbuild-windows-64 "0.14.40"
    esbuild-windows-arm64 "0.14.40"

estree-walker@^2.0.2:
  version "2.0.2"
  resolved "https://registry.yarnpkg.com/estree-walker/-/estree-walker-2.0.2.tgz#52f010178c2a4c117a7757cfe942adb7d2da4cac"
  integrity sha512-Rfkk/Mp/DL7JVje3u18FxFujQlTNR2q6QfMSMB7AvCBx91NGj/ba3kCfza0f6dVDbw7YlRf/nDrn7pQrCCyQ/w==

fsevents@~2.3.2:
  version "2.3.2"
  resolved "https://registry.yarnpkg.com/fsevents/-/fsevents-2.3.2.tgz#8a526f78b8fdf4623b709e0b975c52c24c02fd1a"
  integrity sha512-xiqMQR4xAeHTuB9uWm+fFRcIOgKBMiOBP+eXiyT7jsgVCq1bkVygt00oASowB7EdtpOHaaPgKt812P9ab+DDKA==

function-bind@^1.1.1:
  version "1.1.1"
  resolved "https://registry.yarnpkg.com/function-bind/-/function-bind-1.1.1.tgz#a56899d3ea3c9bab874bb9773b7c5ede92f4895d"
  integrity sha512-yIovAzMX49sF8Yl58fSCWJ5svSLuaibPxXQJFLmBObTuCr0Mf1KiPopGM9NiFjiYBCbfaa2Fh6breQ6ANVTI0A==

has@^1.0.3:
  version "1.0.3"
  resolved "https://registry.yarnpkg.com/has/-/has-1.0.3.tgz#722d7cbfc1f6aa8241f16dd814e011e1f41e8796"
  integrity sha512-f2dvO0VU6Oej7RkWJGrehjbzMAjFp5/VKPp5tTpWIV4JHHZK1/BxbFRtf/siA2SWTe09caDmVtYYzWEIbBS4zw==
  dependencies:
    function-bind "^1.1.1"

is-core-module@^2.8.1:
  version "2.9.0"
  resolved "https://registry.yarnpkg.com/is-core-module/-/is-core-module-2.9.0.tgz#e1c34429cd51c6dd9e09e0799e396e27b19a9c69"
  integrity sha512-+5FPy5PnwmO3lvfMb0AsoPaBG+5KHUI0wYFXOtYPnVVVspTFUuMZNfNaNVRt3FZadstu2c8x23vykRW/NBoU6A==
  dependencies:
    has "^1.0.3"

magic-string@^0.25.7:
  version "0.25.9"
  resolved "https://registry.yarnpkg.com/magic-string/-/magic-string-0.25.9.tgz#de7f9faf91ef8a1c91d02c2e5314c8277dbcdd1c"
  integrity sha512-RmF0AsMzgt25qzqqLc1+MbHmhdx0ojF2Fvs4XnOqz2ZOBXzzkEwc/dJQZCYHAn7v1jbVOjAZfK8msRn4BxO4VQ==
  dependencies:
    sourcemap-codec "^1.4.8"

nanoid@^3.3.4:
  version "3.3.4"
  resolved "https://registry.yarnpkg.com/nanoid/-/nanoid-3.3.4.tgz#730b67e3cd09e2deacf03c027c81c9d9dbc5e8ab"
  integrity sha512-MqBkQh/OHTS2egovRtLk45wEyNXwF+cokD+1YPf9u5VfJiRdAiRwB2froX5Co9Rh20xs4siNPm8naNotSD6RBw==

path-parse@^1.0.7:
  version "1.0.7"
  resolved "https://registry.yarnpkg.com/path-parse/-/path-parse-1.0.7.tgz#fbc114b60ca42b30d9daf5858e4bd68bbedb6735"
  integrity sha512-LDJzPVEEEPR+y48z93A0Ed0yXb8pAByGWo/k5YYdYgpY2/2EsOsksJrq7lOHxryrVOn1ejG6oAp8ahvOIQD8sw==

picocolors@^1.0.0:
  version "1.0.0"
  resolved "https://registry.yarnpkg.com/picocolors/-/picocolors-1.0.0.tgz#cb5bdc74ff3f51892236eaf79d68bc44564ab81c"
  integrity sha512-1fygroTLlHu66zi26VoTDv8yRgm0Fccecssto+MhsZ0D/DGW2sm8E8AjW7NU5VVTRt5GxbeZ5qBuJr+HyLYkjQ==

postcss@^8.1.10, postcss@^8.4.13:
  version "8.4.14"
  resolved "https://registry.yarnpkg.com/postcss/-/postcss-8.4.14.tgz#ee9274d5622b4858c1007a74d76e42e56fd21caf"
  integrity sha512-E398TUmfAYFPBSdzgeieK2Y1+1cpdxJx8yXbK/m57nRhKSmk1GB2tO4lbLBtlkfPQTDKfe4Xqv1ASWPpayPEig==
  dependencies:
    nanoid "^3.3.4"
    picocolors "^1.0.0"
    source-map-js "^1.0.2"

resolve@^1.22.0:
  version "1.22.0"
  resolved "https://registry.yarnpkg.com/resolve/-/resolve-1.22.0.tgz#5e0b8c67c15df57a89bdbabe603a002f21731198"
  integrity sha512-Hhtrw0nLeSrFQ7phPp4OOcVjLPIeMnRlr5mcnVuMe7M/7eBn98A3hmFRLoFo3DLZkivSYwhRUJTyPyWAk56WLw==
  dependencies:
    is-core-module "^2.8.1"
    path-parse "^1.0.7"
    supports-preserve-symlinks-flag "^1.0.0"

rollup@^2.59.0:
  version "2.74.1"
  resolved "https://registry.yarnpkg.com/rollup/-/rollup-2.74.1.tgz#4fba0ff1c312cc4ee82691b154eee69a0d01929f"
  integrity sha512-K2zW7kV8Voua5eGkbnBtWYfMIhYhT9Pel2uhBk2WO5eMee161nPze/XRfvEQPFYz7KgrCCnmh2Wy0AMFLGGmMA==
  optionalDependencies:
    fsevents "~2.3.2"

source-map-js@^1.0.2:
  version "1.0.2"
  resolved "https://registry.yarnpkg.com/source-map-js/-/source-map-js-1.0.2.tgz#adbc361d9c62df380125e7f161f71c826f1e490c"
  integrity sha512-R0XvVJ9WusLiqTCEiGCmICCMplcCkIwwR11mOSD9CR5u+IXYdiseeEuXCVAjS54zqwkLcPNnmU4OeJ6tUrWhDw==

source-map@^0.6.1:
  version "0.6.1"
  resolved "https://registry.yarnpkg.com/source-map/-/source-map-0.6.1.tgz#74722af32e9614e9c287a8d0bbde48b5e2f1a263"
  integrity sha512-UjgapumWlbMhkBgzT7Ykc5YXUT46F0iKu8SGXq0bcwP5dz/h0Plj6enJqjz1Zbq2l5WaqYnrVbwWOWMyF3F47g==

sourcemap-codec@^1.4.8:
  version "1.4.8"
  resolved "https://registry.yarnpkg.com/sourcemap-codec/-/sourcemap-codec-1.4.8.tgz#ea804bd94857402e6992d05a38ef1ae35a9ab4c4"
  integrity sha512-9NykojV5Uih4lgo5So5dtw+f0JgJX30KCNI8gwhz2J9A15wD0Ml6tjHKwf6fTSa6fAdVBdZeNOs9eJ71qCk8vA==

supports-preserve-symlinks-flag@^1.0.0:
  version "1.0.0"
  resolved "https://registry.yarnpkg.com/supports-preserve-symlinks-flag/-/supports-preserve-symlinks-flag-1.0.0.tgz#6eda4bd344a3c94aea376d4cc31bc77311039e09"
  integrity sha512-ot0WnXS9fgdkgIcePe6RHNk1WA8+muPa6cSjeR3V8K27q9BB1rTE3R1p7Hv0z1ZyAc8s6Vvv8DIyWf681MAt0w==

vite@^2.9.9:
  version "2.9.9"
  resolved "https://registry.yarnpkg.com/vite/-/vite-2.9.9.tgz#8b558987db5e60fedec2f4b003b73164cb081c5e"
  integrity sha512-ffaam+NgHfbEmfw/Vuh6BHKKlI/XIAhxE5QSS7gFLIngxg171mg1P3a4LSRME0z2ZU1ScxoKzphkipcYwSD5Ew==
  dependencies:
    esbuild "^0.14.27"
    postcss "^8.4.13"
    resolve "^1.22.0"
    rollup "^2.59.0"
  optionalDependencies:
    fsevents "~2.3.2"

vue@^3.2.25:
  version "3.2.36"
  resolved "https://registry.yarnpkg.com/vue/-/vue-3.2.36.tgz#8daa996e2ced521708de97d066c7c998e8bc3378"
  integrity sha512-5yTXmrE6gW8IQgttzHW5bfBiFA6mx35ZXHjGLDmKYzW6MMmYvCwuKybANRepwkMYeXw2v1buGg3/lPICY5YlZw==
  dependencies:
    "@vue/compiler-dom" "3.2.36"
    "@vue/compiler-sfc" "3.2.36"
    "@vue/runtime-dom" "3.2.36"
    "@vue/server-renderer" "3.2.36"
    "@vue/shared" "3.2.36"
